
Microsoft Visual Studio Solution File, Format Version 12.00
Project("{FAE04EC0-301F-11D3-BF4B-00C04F79EFBC}") = "PokemonGrabber", "PokemonGrabber\PokemonGrabber.csproj", "{A583C27D-8AEA-4706-9468-2128FA759742}"
EndProject
Global
	GlobalSection(SolutionConfigurationPlatforms) = preSolution
		Debug|Any CPU = Debug|Any CPU
		Release|Any CPU = Release|Any CPU
	EndGlobalSection
	GlobalSection(ProjectConfigurationPlatforms) = postSolution
		{A583C27D-8AEA-4706-9468-2128FA759742}.Debug|Any CPU.ActiveCfg = Debug|Any CPU
		{A583C27D-8AEA-4706-9468-2128FA759742}.Debug|Any CPU.Build.0 = Debug|Any CPU
		{A583C27D-8AEA-4706-9468-2128FA759742}.Release|Any CPU.ActiveCfg = Release|Any CPU
		{A583C27D-8AEA-4706-9468-2128FA759742}.Release|Any CPU.Build.0 = Release|Any CPU
	EndGlobalSection
EndGlobal
