// !$*UTF8*$!
{
	archiveVersion = 1;
	classes = {
	};
	objectVersion = 56;
	objects = {

/* Begin PBXBuildFile section */
		810661FE2A697BB4005CA71B /* HomeViewModel.swift in Sources */ = {isa = PBXBuildFile; fileRef = 810661FD2A697BB4005CA71B /* HomeViewModel.swift */; };
		810662002A697C71005CA71B /* RandomPokemonView.swift in Sources */ = {isa = PBXBuildFile; fileRef = 810661FF2A697C71005CA71B /* RandomPokemonView.swift */; };
		8121529B2A6AC30200FF187D /* PokemonEvolutionChain.swift in Sources */ = {isa = PBXBuildFile; fileRef = 8121529A2A6AC30200FF187D /* PokemonEvolutionChain.swift */; };
		8123EE072A688F210016E37C /* Items.json in Resources */ = {isa = PBXBuildFile; fileRef = 8123EE062A688F210016E37C /* Items.json */; };
		812C0C982A6815EA0002E8B5 /* PokemonStatView.swift in Sources */ = {isa = PBXBuildFile; fileRef = 812C0C972A6815EA0002E8B5 /* PokemonStatView.swift */; };
		812C0C9A2A68166F0002E8B5 /* PokemonStat.swift in Sources */ = {isa = PBXBuildFile; fileRef = 812C0C992A68166F0002E8B5 /* PokemonStat.swift */; };
		813EB2D42A6C3CAE005C552B /* EvolutionChainView.swift in Sources */ = {isa = PBXBuildFile; fileRef = 813EB2D32A6C3CAE005C552B /* EvolutionChainView.swift */; };
		813EB2D92A6D32AC005C552B /* RecursiveEvolutionChainView.swift in Sources */ = {isa = PBXBuildFile; fileRef = 813EB2D82A6D32AC005C552B /* RecursiveEvolutionChainView.swift */; };
		813EB2DE2A6D576E005C552B /* Moves.json in Resources */ = {isa = PBXBuildFile; fileRef = 813EB2DD2A6D576E005C552B /* Moves.json */; };
		813EB2E02A6D57A4005C552B /* Move.swift in Sources */ = {isa = PBXBuildFile; fileRef = 813EB2DF2A6D57A4005C552B /* Move.swift */; };
		813EB2E22A6DC0EC005C552B /* MoveService.swift in Sources */ = {isa = PBXBuildFile; fileRef = 813EB2E12A6DC0EC005C552B /* MoveService.swift */; };
		813EB2E72A6DC1E0005C552B /* MoveItemView.swift in Sources */ = {isa = PBXBuildFile; fileRef = 813EB2E62A6DC1E0005C552B /* MoveItemView.swift */; };
		813EB2E92A6DC726005C552B /* MoveStatItemView.swift in Sources */ = {isa = PBXBuildFile; fileRef = 813EB2E82A6DC726005C552B /* MoveStatItemView.swift */; };
		8159B8CB2A6084A900DC1721 /* PokemonAboutView.swift in Sources */ = {isa = PBXBuildFile; fileRef = 8159B8CA2A6084A900DC1721 /* PokemonAboutView.swift */; };
		81A375122A5F0FB200EC859F /* PokemonTypeItemView.swift in Sources */ = {isa = PBXBuildFile; fileRef = 81A375112A5F0FB200EC859F /* PokemonTypeItemView.swift */; };
		81AE1E0C2A6A9AD000D27ADD /* PokemonViewModel.swift in Sources */ = {isa = PBXBuildFile; fileRef = 81AE1E0B2A6A9AD000D27ADD /* PokemonViewModel.swift */; };
		81B9B8E92A692BE80002B63C /* HomeView.swift in Sources */ = {isa = PBXBuildFile; fileRef = 81B9B8E82A692BE80002B63C /* HomeView.swift */; };
		81B9B8EC2A692CE40002B63C /* HomeItemView.swift in Sources */ = {isa = PBXBuildFile; fileRef = 81B9B8EB2A692CE40002B63C /* HomeItemView.swift */; };
		81B9B8EE2A69354A0002B63C /* Item.swift in Sources */ = {isa = PBXBuildFile; fileRef = 81B9B8ED2A69354A0002B63C /* Item.swift */; };
		81B9B8F12A69367F0002B63C /* ItemItemView.swift in Sources */ = {isa = PBXBuildFile; fileRef = 81B9B8F02A69367F0002B63C /* ItemItemView.swift */; };
		81B9B8F52A695C3A0002B63C /* ItemsView.swift in Sources */ = {isa = PBXBuildFile; fileRef = 81B9B8F42A695C3A0002B63C /* ItemsView.swift */; };
		81B9B8F72A695C610002B63C /* ItemsViewModel.swift in Sources */ = {isa = PBXBuildFile; fileRef = 81B9B8F62A695C610002B63C /* ItemsViewModel.swift */; };
		81CC31FA2A6AE9800001C2BE /* PokemonService.swift in Sources */ = {isa = PBXBuildFile; fileRef = 81CC31F92A6AE9800001C2BE /* PokemonService.swift */; };
		81CC31FC2A6AEB260001C2BE /* ItemService.swift in Sources */ = {isa = PBXBuildFile; fileRef = 81CC31FB2A6AEB260001C2BE /* ItemService.swift */; };
		81D64A002A5C9CE800007D12 /* PokemonSprites.swift in Sources */ = {isa = PBXBuildFile; fileRef = 81D649FF2A5C9CE800007D12 /* PokemonSprites.swift */; };
		81D697062A501CA500D545D8 /* PokedexApp.swift in Sources */ = {isa = PBXBuildFile; fileRef = 81D697052A501CA500D545D8 /* PokedexApp.swift */; };
		81D6970A2A501CA700D545D8 /* Assets.xcassets in Resources */ = {isa = PBXBuildFile; fileRef = 81D697092A501CA700D545D8 /* Assets.xcassets */; };
		81D6970D2A501CA700D545D8 /* Preview Assets.xcassets in Resources */ = {isa = PBXBuildFile; fileRef = 81D6970C2A501CA700D545D8 /* Preview Assets.xcassets */; };
		81D697192A5025AF00D545D8 /* ApiService.swift in Sources */ = {isa = PBXBuildFile; fileRef = 81D697182A5025AF00D545D8 /* ApiService.swift */; };
		81D6971C2A5025E200D545D8 /* Constants.swift in Sources */ = {isa = PBXBuildFile; fileRef = 81D6971B2A5025E200D545D8 /* Constants.swift */; };
		81D6971F2A50287E00D545D8 /* Pokemons.json in Resources */ = {isa = PBXBuildFile; fileRef = 81D6971E2A50287E00D545D8 /* Pokemons.json */; };
		81D697212A50289F00D545D8 /* JsonService.swift in Sources */ = {isa = PBXBuildFile; fileRef = 81D697202A50289F00D545D8 /* JsonService.swift */; };
		81D697232A502A8800D545D8 /* PokemonsViewModel.swift in Sources */ = {isa = PBXBuildFile; fileRef = 81D697222A502A8800D545D8 /* PokemonsViewModel.swift */; };
		81D697252A502B3900D545D8 /* Pokemon.swift in Sources */ = {isa = PBXBuildFile; fileRef = 81D697242A502B3900D545D8 /* Pokemon.swift */; };
		81D6972A2A502CC900D545D8 /* Type.swift in Sources */ = {isa = PBXBuildFile; fileRef = 81D697292A502CC900D545D8 /* Type.swift */; };
		81D6972C2A50367500D545D8 /* PokemonItemView.swift in Sources */ = {isa = PBXBuildFile; fileRef = 81D6972B2A50367500D545D8 /* PokemonItemView.swift */; };
		81D6972F2A50661200D545D8 /* PokemonsView.swift in Sources */ = {isa = PBXBuildFile; fileRef = 81D6972E2A50661200D545D8 /* PokemonsView.swift */; };
		81D697312A506A8D00D545D8 /* PokemonView.swift in Sources */ = {isa = PBXBuildFile; fileRef = 81D697302A506A8D00D545D8 /* PokemonView.swift */; };
		81F53CD22A68870C009C3805 /* PokemonEvolutionView.swift in Sources */ = {isa = PBXBuildFile; fileRef = 81F53CD12A68870C009C3805 /* PokemonEvolutionView.swift */; };
/* End PBXBuildFile section */

/* Begin PBXFileReference section */
		810661FD2A697BB4005CA71B /* HomeViewModel.swift */ = {isa = PBXFileReference; lastKnownFileType = sourcecode.swift; path = HomeViewModel.swift; sourceTree = "<group>"; };
		810661FF2A697C71005CA71B /* RandomPokemonView.swift */ = {isa = PBXFileReference; lastKnownFileType = sourcecode.swift; path = RandomPokemonView.swift; sourceTree = "<group>"; };
		8121529A2A6AC30200FF187D /* PokemonEvolutionChain.swift */ = {isa = PBXFileReference; lastKnownFileType = sourcecode.swift; path = PokemonEvolutionChain.swift; sourceTree = "<group>"; };
		8123EE062A688F210016E37C /* Items.json */ = {isa = PBXFileReference; fileEncoding = 4; lastKnownFileType = text.json; path = Items.json; sourceTree = "<group>"; };
		812C0C972A6815EA0002E8B5 /* PokemonStatView.swift */ = {isa = PBXFileReference; lastKnownFileType = sourcecode.swift; path = PokemonStatView.swift; sourceTree = "<group>"; };
		812C0C992A68166F0002E8B5 /* PokemonStat.swift */ = {isa = PBXFileReference; lastKnownFileType = sourcecode.swift; path = PokemonStat.swift; sourceTree = "<group>"; };
		813EB2D32A6C3CAE005C552B /* EvolutionChainView.swift */ = {isa = PBXFileReference; lastKnownFileType = sourcecode.swift; path = EvolutionChainView.swift; sourceTree = "<group>"; };
		813EB2D82A6D32AC005C552B /* RecursiveEvolutionChainView.swift */ = {isa = PBXFileReference; lastKnownFileType = sourcecode.swift; path = RecursiveEvolutionChainView.swift; sourceTree = "<group>"; };
		813EB2DD2A6D576E005C552B /* Moves.json */ = {isa = PBXFileReference; fileEncoding = 4; lastKnownFileType = text.json; path = Moves.json; sourceTree = "<group>"; };
		813EB2DF2A6D57A4005C552B /* Move.swift */ = {isa = PBXFileReference; lastKnownFileType = sourcecode.swift; path = Move.swift; sourceTree = "<group>"; };
		813EB2E12A6DC0EC005C552B /* MoveService.swift */ = {isa = PBXFileReference; lastKnownFileType = sourcecode.swift; path = MoveService.swift; sourceTree = "<group>"; };
		813EB2E62A6DC1E0005C552B /* MoveItemView.swift */ = {isa = PBXFileReference; lastKnownFileType = sourcecode.swift; path = MoveItemView.swift; sourceTree = "<group>"; };
		813EB2E82A6DC726005C552B /* MoveStatItemView.swift */ = {isa = PBXFileReference; lastKnownFileType = sourcecode.swift; path = MoveStatItemView.swift; sourceTree = "<group>"; };
		8159B8CA2A6084A900DC1721 /* PokemonAboutView.swift */ = {isa = PBXFileReference; lastKnownFileType = sourcecode.swift; path = PokemonAboutView.swift; sourceTree = "<group>"; };
		81A375112A5F0FB200EC859F /* PokemonTypeItemView.swift */ = {isa = PBXFileReference; lastKnownFileType = sourcecode.swift; path = PokemonTypeItemView.swift; sourceTree = "<group>"; };
		81AE1E0B2A6A9AD000D27ADD /* PokemonViewModel.swift */ = {isa = PBXFileReference; lastKnownFileType = sourcecode.swift; path = PokemonViewModel.swift; sourceTree = "<group>"; };
		81B9B8E82A692BE80002B63C /* HomeView.swift */ = {isa = PBXFileReference; lastKnownFileType = sourcecode.swift; path = HomeView.swift; sourceTree = "<group>"; };
		81B9B8EB2A692CE40002B63C /* HomeItemView.swift */ = {isa = PBXFileReference; lastKnownFileType = sourcecode.swift; path = HomeItemView.swift; sourceTree = "<group>"; };
		81B9B8ED2A69354A0002B63C /* Item.swift */ = {isa = PBXFileReference; lastKnownFileType = sourcecode.swift; path = Item.swift; sourceTree = "<group>"; };
		81B9B8F02A69367F0002B63C /* ItemItemView.swift */ = {isa = PBXFileReference; lastKnownFileType = sourcecode.swift; path = ItemItemView.swift; sourceTree = "<group>"; };
		81B9B8F42A695C3A0002B63C /* ItemsView.swift */ = {isa = PBXFileReference; lastKnownFileType = sourcecode.swift; path = ItemsView.swift; sourceTree = "<group>"; };
		81B9B8F62A695C610002B63C /* ItemsViewModel.swift */ = {isa = PBXFileReference; lastKnownFileType = sourcecode.swift; path = ItemsViewModel.swift; sourceTree = "<group>"; };
		81CC31F92A6AE9800001C2BE /* PokemonService.swift */ = {isa = PBXFileReference; lastKnownFileType = sourcecode.swift; path = PokemonService.swift; sourceTree = "<group>"; };
		81CC31FB2A6AEB260001C2BE /* ItemService.swift */ = {isa = PBXFileReference; lastKnownFileType = sourcecode.swift; path = ItemService.swift; sourceTree = "<group>"; };
		81D649FF2A5C9CE800007D12 /* PokemonSprites.swift */ = {isa = PBXFileReference; lastKnownFileType = sourcecode.swift; path = PokemonSprites.swift; sourceTree = "<group>"; };
		81D697022A501CA500D545D8 /* Pokedex.app */ = {isa = PBXFileReference; explicitFileType = wrapper.application; includeInIndex = 0; path = Pokedex.app; sourceTree = BUILT_PRODUCTS_DIR; };
		81D697052A501CA500D545D8 /* PokedexApp.swift */ = {isa = PBXFileReference; lastKnownFileType = sourcecode.swift; path = PokedexApp.swift; sourceTree = "<group>"; };
		81D697092A501CA700D545D8 /* Assets.xcassets */ = {isa = PBXFileReference; lastKnownFileType = folder.assetcatalog; path = Assets.xcassets; sourceTree = "<group>"; };
		81D6970C2A501CA700D545D8 /* Preview Assets.xcassets */ = {isa = PBXFileReference; lastKnownFileType = folder.assetcatalog; path = "Preview Assets.xcassets"; sourceTree = "<group>"; };
		81D697182A5025AF00D545D8 /* ApiService.swift */ = {isa = PBXFileReference; lastKnownFileType = sourcecode.swift; path = ApiService.swift; sourceTree = "<group>"; };
		81D6971B2A5025E200D545D8 /* Constants.swift */ = {isa = PBXFileReference; lastKnownFileType = sourcecode.swift; path = Constants.swift; sourceTree = "<group>"; };
		81D6971E2A50287E00D545D8 /* Pokemons.json */ = {isa = PBXFileReference; fileEncoding = 4; lastKnownFileType = text.json; path = Pokemons.json; sourceTree = "<group>"; };
		81D697202A50289F00D545D8 /* JsonService.swift */ = {isa = PBXFileReference; lastKnownFileType = sourcecode.swift; path = JsonService.swift; sourceTree = "<group>"; };
		81D697222A502A8800D545D8 /* PokemonsViewModel.swift */ = {isa = PBXFileReference; lastKnownFileType = sourcecode.swift; path = PokemonsViewModel.swift; sourceTree = "<group>"; };
		81D697242A502B3900D545D8 /* Pokemon.swift */ = {isa = PBXFileReference; lastKnownFileType = sourcecode.swift; path = Pokemon.swift; sourceTree = "<group>"; };
		81D697292A502CC900D545D8 /* Type.swift */ = {isa = PBXFileReference; lastKnownFileType = sourcecode.swift; path = Type.swift; sourceTree = "<group>"; };
		81D6972B2A50367500D545D8 /* PokemonItemView.swift */ = {isa = PBXFileReference; lastKnownFileType = sourcecode.swift; path = PokemonItemView.swift; sourceTree = "<group>"; };
		81D6972E2A50661200D545D8 /* PokemonsView.swift */ = {isa = PBXFileReference; lastKnownFileType = sourcecode.swift; path = PokemonsView.swift; sourceTree = "<group>"; };
		81D697302A506A8D00D545D8 /* PokemonView.swift */ = {isa = PBXFileReference; lastKnownFileType = sourcecode.swift; path = PokemonView.swift; sourceTree = "<group>"; };
		81F53CD12A68870C009C3805 /* PokemonEvolutionView.swift */ = {isa = PBXFileReference; lastKnownFileType = sourcecode.swift; path = PokemonEvolutionView.swift; sourceTree = "<group>"; };
/* End PBXFileReference section */

/* Begin PBXFrameworksBuildPhase section */
		81D696FF2A501CA500D545D8 /* Frameworks */ = {
			isa = PBXFrameworksBuildPhase;
			buildActionMask = 2147483647;
			files = (
			);
			runOnlyForDeploymentPostprocessing = 0;
		};
/* End PBXFrameworksBuildPhase section */

/* Begin PBXGroup section */
		813EB2D52A6D3030005C552B /* EvolutionChain */ = {
			isa = PBXGroup;
			children = (
				81F53CD12A68870C009C3805 /* PokemonEvolutionView.swift */,
				813EB2D32A6C3CAE005C552B /* EvolutionChainView.swift */,
				813EB2D82A6D32AC005C552B /* RecursiveEvolutionChainView.swift */,
			);
			path = EvolutionChain;
			sourceTree = "<group>";
		};
		813EB2DA2A6D3CF5005C552B /* Components */ = {
			isa = PBXGroup;
			children = (
			);
			path = Components;
			sourceTree = "<group>";
		};
		813EB2E32A6DC190005C552B /* Move */ = {
			isa = PBXGroup;
			children = (
				813EB2E62A6DC1E0005C552B /* MoveItemView.swift */,
				813EB2E82A6DC726005C552B /* MoveStatItemView.swift */,
			);
			path = Move;
			sourceTree = "<group>";
		};
		8159B8C92A60842800DC1721 /* PokemonDetail */ = {
			isa = PBXGroup;
			children = (
				813EB2D52A6D3030005C552B /* EvolutionChain */,
				81D697302A506A8D00D545D8 /* PokemonView.swift */,
				8159B8CA2A6084A900DC1721 /* PokemonAboutView.swift */,
				812C0C972A6815EA0002E8B5 /* PokemonStatView.swift */,
			);
			path = PokemonDetail;
			sourceTree = "<group>";
		};
		81B9B8EA2A692C6A0002B63C /* Home */ = {
			isa = PBXGroup;
			children = (
				81B9B8E82A692BE80002B63C /* HomeView.swift */,
				81B9B8EB2A692CE40002B63C /* HomeItemView.swift */,
				810661FF2A697C71005CA71B /* RandomPokemonView.swift */,
			);
			path = Home;
			sourceTree = "<group>";
		};
		81B9B8EF2A69363F0002B63C /* Item */ = {
			isa = PBXGroup;
			children = (
				81B9B8F02A69367F0002B63C /* ItemItemView.swift */,
				81B9B8F42A695C3A0002B63C /* ItemsView.swift */,
			);
			path = Item;
			sourceTree = "<group>";
		};
		81B9B8F22A695B1E0002B63C /* Pokemon */ = {
			isa = PBXGroup;
			children = (
				8159B8C92A60842800DC1721 /* PokemonDetail */,
				81D6972B2A50367500D545D8 /* PokemonItemView.swift */,
				81D6972E2A50661200D545D8 /* PokemonsView.swift */,
				81A375112A5F0FB200EC859F /* PokemonTypeItemView.swift */,
			);
			path = Pokemon;
			sourceTree = "<group>";
		};
		81D696F92A501CA500D545D8 = {
			isa = PBXGroup;
			children = (
				81D697042A501CA500D545D8 /* Pokedex */,
				81D697032A501CA500D545D8 /* Products */,
			);
			sourceTree = "<group>";
		};
		81D697032A501CA500D545D8 /* Products */ = {
			isa = PBXGroup;
			children = (
				81D697022A501CA500D545D8 /* Pokedex.app */,
			);
			name = Products;
			sourceTree = "<group>";
		};
		81D697042A501CA500D545D8 /* Pokedex */ = {
			isa = PBXGroup;
			children = (
				81D6971D2A50283E00D545D8 /* Data */,
				81D6971A2A5025D500D545D8 /* Commons */,
				81D697172A50224200D545D8 /* Services */,
				81D697152A501EF300D545D8 /* Views */,
				81D697142A501EE900D545D8 /* ViewModels */,
				81D697132A501EDD00D545D8 /* Models */,
				81D697052A501CA500D545D8 /* PokedexApp.swift */,
				81D697092A501CA700D545D8 /* Assets.xcassets */,
				81D6970B2A501CA700D545D8 /* Preview Content */,
			);
			path = Pokedex;
			sourceTree = "<group>";
		};
		81D6970B2A501CA700D545D8 /* Preview Content */ = {
			isa = PBXGroup;
			children = (
				81D6970C2A501CA700D545D8 /* Preview Assets.xcassets */,
			);
			path = "Preview Content";
			sourceTree = "<group>";
		};
		81D697132A501EDD00D545D8 /* Models */ = {
			isa = PBXGroup;
			children = (
				81D697242A502B3900D545D8 /* Pokemon.swift */,
				81D649FF2A5C9CE800007D12 /* PokemonSprites.swift */,
				812C0C992A68166F0002E8B5 /* PokemonStat.swift */,
				81B9B8ED2A69354A0002B63C /* Item.swift */,
				8121529A2A6AC30200FF187D /* PokemonEvolutionChain.swift */,
				813EB2DF2A6D57A4005C552B /* Move.swift */,
			);
			path = Models;
			sourceTree = "<group>";
		};
		81D697142A501EE900D545D8 /* ViewModels */ = {
			isa = PBXGroup;
			children = (
				81D697222A502A8800D545D8 /* PokemonsViewModel.swift */,
				81B9B8F62A695C610002B63C /* ItemsViewModel.swift */,
				810661FD2A697BB4005CA71B /* HomeViewModel.swift */,
				81AE1E0B2A6A9AD000D27ADD /* PokemonViewModel.swift */,
			);
			path = ViewModels;
			sourceTree = "<group>";
		};
		81D697152A501EF300D545D8 /* Views */ = {
			isa = PBXGroup;
			children = (
				813EB2E32A6DC190005C552B /* Move */,
				813EB2DA2A6D3CF5005C552B /* Components */,
				81B9B8F22A695B1E0002B63C /* Pokemon */,
				81B9B8EF2A69363F0002B63C /* Item */,
				81B9B8EA2A692C6A0002B63C /* Home */,
			);
			path = Views;
			sourceTree = "<group>";
		};
		81D697172A50224200D545D8 /* Services */ = {
			isa = PBXGroup;
			children = (
				81D697182A5025AF00D545D8 /* ApiService.swift */,
				81D697202A50289F00D545D8 /* JsonService.swift */,
				81CC31F92A6AE9800001C2BE /* PokemonService.swift */,
				81CC31FB2A6AEB260001C2BE /* ItemService.swift */,
				813EB2E12A6DC0EC005C552B /* MoveService.swift */,
			);
			path = Services;
			sourceTree = "<group>";
		};
		81D6971A2A5025D500D545D8 /* Commons */ = {
			isa = PBXGroup;
			children = (
				81D697282A502CBA00D545D8 /* Enums */,
				81D6971B2A5025E200D545D8 /* Constants.swift */,
			);
			path = Commons;
			sourceTree = "<group>";
		};
		81D6971D2A50283E00D545D8 /* Data */ = {
			isa = PBXGroup;
			children = (
				813EB2DD2A6D576E005C552B /* Moves.json */,
				8123EE062A688F210016E37C /* Items.json */,
				81D6971E2A50287E00D545D8 /* Pokemons.json */,
			);
			path = Data;
			sourceTree = "<group>";
		};
		81D697282A502CBA00D545D8 /* Enums */ = {
			isa = PBXGroup;
			children = (
				81D697292A502CC900D545D8 /* Type.swift */,
			);
			path = Enums;
			sourceTree = "<group>";
		};
/* End PBXGroup section */

/* Begin PBXNativeTarget section */
		81D697012A501CA500D545D8 /* Pokedex */ = {
			isa = PBXNativeTarget;
			buildConfigurationList = 81D697102A501CA700D545D8 /* Build configuration list for PBXNativeTarget "Pokedex" */;
			buildPhases = (
				81D696FE2A501CA500D545D8 /* Sources */,
				81D696FF2A501CA500D545D8 /* Frameworks */,
				81D697002A501CA500D545D8 /* Resources */,
			);
			buildRules = (
			);
			dependencies = (
			);
			name = Pokedex;
			packageProductDependencies = (
			);
			productName = Pokedex;
			productReference = 81D697022A501CA500D545D8 /* Pokedex.app */;
			productType = "com.apple.product-type.application";
		};
/* End PBXNativeTarget section */

/* Begin PBXProject section */
		81D696FA2A501CA500D545D8 /* Project object */ = {
			isa = PBXProject;
			attributes = {
				BuildIndependentTargetsInParallel = 1;
				LastSwiftUpdateCheck = 1430;
				LastUpgradeCheck = 1430;
				TargetAttributes = {
					81D697012A501CA500D545D8 = {
						CreatedOnToolsVersion = 14.3.1;
					};
				};
			};
			buildConfigurationList = 81D696FD2A501CA500D545D8 /* Build configuration list for PBXProject "Pokedex" */;
			compatibilityVersion = "Xcode 14.0";
			developmentRegion = en;
			hasScannedForEncodings = 0;
			knownRegions = (
				en,
				Base,
			);
			mainGroup = 81D696F92A501CA500D545D8;
			packageReferences = (
			);
			productRefGroup = 81D697032A501CA500D545D8 /* Products */;
			projectDirPath = "";
			projectRoot = "";
			targets = (
				81D697012A501CA500D545D8 /* Pokedex */,
			);
		};
/* End PBXProject section */

/* Begin PBXResourcesBuildPhase section */
		81D697002A501CA500D545D8 /* Resources */ = {
			isa = PBXResourcesBuildPhase;
			buildActionMask = 2147483647;
			files = (
				813EB2DE2A6D576E005C552B /* Moves.json in Resources */,
				8123EE072A688F210016E37C /* Items.json in Resources */,
				81D6971F2A50287E00D545D8 /* Pokemons.json in Resources */,
				81D6970D2A501CA700D545D8 /* Preview Assets.xcassets in Resources */,
				81D6970A2A501CA700D545D8 /* Assets.xcassets in Resources */,
			);
			runOnlyForDeploymentPostprocessing = 0;
		};
/* End PBXResourcesBuildPhase section */

/* Begin PBXSourcesBuildPhase section */
		81D696FE2A501CA500D545D8 /* Sources */ = {
			isa = PBXSourcesBuildPhase;
			buildActionMask = 2147483647;
			files = (
				813EB2D42A6C3CAE005C552B /* EvolutionChainView.swift in Sources */,
				813EB2E72A6DC1E0005C552B /* MoveItemView.swift in Sources */,
				81CC31FC2A6AEB260001C2BE /* ItemService.swift in Sources */,
				813EB2E02A6D57A4005C552B /* Move.swift in Sources */,
				81D64A002A5C9CE800007D12 /* PokemonSprites.swift in Sources */,
				81A375122A5F0FB200EC859F /* PokemonTypeItemView.swift in Sources */,
				813EB2E92A6DC726005C552B /* MoveStatItemView.swift in Sources */,
				812C0C9A2A68166F0002E8B5 /* PokemonStat.swift in Sources */,
				81D697252A502B3900D545D8 /* Pokemon.swift in Sources */,
				81D6972C2A50367500D545D8 /* PokemonItemView.swift in Sources */,
				8121529B2A6AC30200FF187D /* PokemonEvolutionChain.swift in Sources */,
				810661FE2A697BB4005CA71B /* HomeViewModel.swift in Sources */,
				81B9B8E92A692BE80002B63C /* HomeView.swift in Sources */,
				81D697232A502A8800D545D8 /* PokemonsViewModel.swift in Sources */,
				81D697212A50289F00D545D8 /* JsonService.swift in Sources */,
				81D6972F2A50661200D545D8 /* PokemonsView.swift in Sources */,
				81D697062A501CA500D545D8 /* PokedexApp.swift in Sources */,
				81B9B8EC2A692CE40002B63C /* HomeItemView.swift in Sources */,
				813EB2D92A6D32AC005C552B /* RecursiveEvolutionChainView.swift in Sources */,
				812C0C982A6815EA0002E8B5 /* PokemonStatView.swift in Sources */,
				81D697192A5025AF00D545D8 /* ApiService.swift in Sources */,
				81D697312A506A8D00D545D8 /* PokemonView.swift in Sources */,
				813EB2E22A6DC0EC005C552B /* MoveService.swift in Sources */,
				81B9B8EE2A69354A0002B63C /* Item.swift in Sources */,
				81CC31FA2A6AE9800001C2BE /* PokemonService.swift in Sources */,
				81D6971C2A5025E200D545D8 /* Constants.swift in Sources */,
				81B9B8F52A695C3A0002B63C /* ItemsView.swift in Sources */,
				81D6972A2A502CC900D545D8 /* Type.swift in Sources */,
				81F53CD22A68870C009C3805 /* PokemonEvolutionView.swift in Sources */,
				81B9B8F12A69367F0002B63C /* ItemItemView.swift in Sources */,
				81AE1E0C2A6A9AD000D27ADD /* PokemonViewModel.swift in Sources */,
				8159B8CB2A6084A900DC1721 /* PokemonAboutView.swift in Sources */,
				81B9B8F72A695C610002B63C /* ItemsViewModel.swift in Sources */,
				810662002A697C71005CA71B /* RandomPokemonView.swift in Sources */,
			);
			runOnlyForDeploymentPostprocessing = 0;
		};
/* End PBXSourcesBuildPhase section */

/* Begin XCBuildConfiguration section */
		81D6970E2A501CA700D545D8 /* Debug */ = {
			isa = XCBuildConfiguration;
			buildSettings = {
				ALWAYS_SEARCH_USER_PATHS = NO;
				CLANG_ANALYZER_NONNULL = YES;
				CLANG_ANALYZER_NUMBER_OBJECT_CONVERSION = YES_AGGRESSIVE;
				CLANG_CXX_LANGUAGE_STANDARD = "gnu++20";
				CLANG_ENABLE_MODULES = YES;
				CLANG_ENABLE_OBJC_ARC = YES;
				CLANG_ENABLE_OBJC_WEAK = YES;
				CLANG_WARN_BLOCK_CAPTURE_AUTORELEASING = YES;
				CLANG_WARN_BOOL_CONVERSION = YES;
				CLANG_WARN_COMMA = YES;
				CLANG_WARN_CONSTANT_CONVERSION = YES;
				CLANG_WARN_DEPRECATED_OBJC_IMPLEMENTATIONS = YES;
				CLANG_WARN_DIRECT_OBJC_ISA_USAGE = YES_ERROR;
				CLANG_WARN_DOCUMENTATION_COMMENTS = YES;
				CLANG_WARN_EMPTY_BODY = YES;
				CLANG_WARN_ENUM_CONVERSION = YES;
				CLANG_WARN_INFINITE_RECURSION = YES;
				CLANG_WARN_INT_CONVERSION = YES;
				CLANG_WARN_NON_LITERAL_NULL_CONVERSION = YES;
				CLANG_WARN_OBJC_IMPLICIT_RETAIN_SELF = YES;
				CLANG_WARN_OBJC_LITERAL_CONVERSION = YES;
				CLANG_WARN_OBJC_ROOT_CLASS = YES_ERROR;
				CLANG_WARN_QUOTED_INCLUDE_IN_FRAMEWORK_HEADER = YES;
				CLANG_WARN_RANGE_LOOP_ANALYSIS = YES;
				CLANG_WARN_STRICT_PROTOTYPES = YES;
				CLANG_WARN_SUSPICIOUS_MOVE = YES;
				CLANG_WARN_UNGUARDED_AVAILABILITY = YES_AGGRESSIVE;
				CLANG_WARN_UNREACHABLE_CODE = YES;
				CLANG_WARN__DUPLICATE_METHOD_MATCH = YES;
				COPY_PHASE_STRIP = NO;
				DEBUG_INFORMATION_FORMAT = dwarf;
				ENABLE_STRICT_OBJC_MSGSEND = YES;
				ENABLE_TESTABILITY = YES;
				GCC_C_LANGUAGE_STANDARD = gnu11;
				GCC_DYNAMIC_NO_PIC = NO;
				GCC_NO_COMMON_BLOCKS = YES;
				GCC_OPTIMIZATION_LEVEL = 0;
				GCC_PREPROCESSOR_DEFINITIONS = (
					"DEBUG=1",
					"$(inherited)",
				);
				GCC_WARN_64_TO_32_BIT_CONVERSION = YES;
				GCC_WARN_ABOUT_RETURN_TYPE = YES_ERROR;
				GCC_WARN_UNDECLARED_SELECTOR = YES;
				GCC_WARN_UNINITIALIZED_AUTOS = YES_AGGRESSIVE;
				GCC_WARN_UNUSED_FUNCTION = YES;
				GCC_WARN_UNUSED_VARIABLE = YES;
				IPHONEOS_DEPLOYMENT_TARGET = 16.4;
				MTL_ENABLE_DEBUG_INFO = INCLUDE_SOURCE;
				MTL_FAST_MATH = YES;
				ONLY_ACTIVE_ARCH = YES;
				SDKROOT = iphoneos;
				SWIFT_ACTIVE_COMPILATION_CONDITIONS = DEBUG;
				SWIFT_OPTIMIZATION_LEVEL = "-Onone";
			};
			name = Debug;
		};
		81D6970F2A501CA700D545D8 /* Release */ = {
			isa = XCBuildConfiguration;
			buildSettings = {
				ALWAYS_SEARCH_USER_PATHS = NO;
				CLANG_ANALYZER_NONNULL = YES;
				CLANG_ANALYZER_NUMBER_OBJECT_CONVERSION = YES_AGGRESSIVE;
				CLANG_CXX_LANGUAGE_STANDARD = "gnu++20";
				CLANG_ENABLE_MODULES = YES;
				CLANG_ENABLE_OBJC_ARC = YES;
				CLANG_ENABLE_OBJC_WEAK = YES;
				CLANG_WARN_BLOCK_CAPTURE_AUTORELEASING = YES;
				CLANG_WARN_BOOL_CONVERSION = YES;
				CLANG_WARN_COMMA = YES;
				CLANG_WARN_CONSTANT_CONVERSION = YES;
				CLANG_WARN_DEPRECATED_OBJC_IMPLEMENTATIONS = YES;
				CLANG_WARN_DIRECT_OBJC_ISA_USAGE = YES_ERROR;
				CLANG_WARN_DOCUMENTATION_COMMENTS = YES;
				CLANG_WARN_EMPTY_BODY = YES;
				CLANG_WARN_ENUM_CONVERSION = YES;
				CLANG_WARN_INFINITE_RECURSION = YES;
				CLANG_WARN_INT_CONVERSION = YES;
				CLANG_WARN_NON_LITERAL_NULL_CONVERSION = YES;
				CLANG_WARN_OBJC_IMPLICIT_RETAIN_SELF = YES;
				CLANG_WARN_OBJC_LITERAL_CONVERSION = YES;
				CLANG_WARN_OBJC_ROOT_CLASS = YES_ERROR;
				CLANG_WARN_QUOTED_INCLUDE_IN_FRAMEWORK_HEADER = YES;
				CLANG_WARN_RANGE_LOOP_ANALYSIS = YES;
				CLANG_WARN_STRICT_PROTOTYPES = YES;
				CLANG_WARN_SUSPICIOUS_MOVE = YES;
				CLANG_WARN_UNGUARDED_AVAILABILITY = YES_AGGRESSIVE;
				CLANG_WARN_UNREACHABLE_CODE = YES;
				CLANG_WARN__DUPLICATE_METHOD_MATCH = YES;
				COPY_PHASE_STRIP = NO;
				DEBUG_INFORMATION_FORMAT = "dwarf-with-dsym";
				ENABLE_NS_ASSERTIONS = NO;
				ENABLE_STRICT_OBJC_MSGSEND = YES;
				GCC_C_LANGUAGE_STANDARD = gnu11;
				GCC_NO_COMMON_BLOCKS = YES;
				GCC_WARN_64_TO_32_BIT_CONVERSION = YES;
				GCC_WARN_ABOUT_RETURN_TYPE = YES_ERROR;
				GCC_WARN_UNDECLARED_SELECTOR = YES;
				GCC_WARN_UNINITIALIZED_AUTOS = YES_AGGRESSIVE;
				GCC_WARN_UNUSED_FUNCTION = YES;
				GCC_WARN_UNUSED_VARIABLE = YES;
				IPHONEOS_DEPLOYMENT_TARGET = 16.4;
				MTL_ENABLE_DEBUG_INFO = NO;
				MTL_FAST_MATH = YES;
				SDKROOT = iphoneos;
				SWIFT_COMPILATION_MODE = wholemodule;
				SWIFT_OPTIMIZATION_LEVEL = "-O";
				VALIDATE_PRODUCT = YES;
			};
			name = Release;
		};
		81D697112A501CA700D545D8 /* Debug */ = {
			isa = XCBuildConfiguration;
			buildSettings = {
				ASSETCATALOG_COMPILER_APPICON_NAME = AppIcon;
				ASSETCATALOG_COMPILER_GLOBAL_ACCENT_COLOR_NAME = AccentColor;
				CODE_SIGN_STYLE = Automatic;
				CURRENT_PROJECT_VERSION = 1;
				DEVELOPMENT_ASSET_PATHS = "\"Pokedex/Preview Content\"";
				DEVELOPMENT_TEAM = H9DTPYA8RY;
				ENABLE_PREVIEWS = YES;
				GENERATE_INFOPLIST_FILE = YES;
				INFOPLIST_KEY_UIApplicationSceneManifest_Generation = YES;
				INFOPLIST_KEY_UIApplicationSupportsIndirectInputEvents = YES;
				INFOPLIST_KEY_UILaunchScreen_Generation = YES;
				INFOPLIST_KEY_UISupportedInterfaceOrientations = UIInterfaceOrientationPortrait;
				IPHONEOS_DEPLOYMENT_TARGET = 15.6;
				LD_RUNPATH_SEARCH_PATHS = (
					"$(inherited)",
					"@executable_path/Frameworks",
				);
				MARKETING_VERSION = 1.0;
				PRODUCT_BUNDLE_IDENTIFIER = fr.thomasbernard03.Pokedex;
				PRODUCT_NAME = "$(TARGET_NAME)";
				SWIFT_EMIT_LOC_STRINGS = YES;
				SWIFT_VERSION = 5.0;
				TARGETED_DEVICE_FAMILY = "1,2";
			};
			name = Debug;
		};
		81D697122A501CA700D545D8 /* Release */ = {
			isa = XCBuildConfiguration;
			buildSettings = {
				ASSETCATALOG_COMPILER_APPICON_NAME = AppIcon;
				ASSETCATALOG_COMPILER_GLOBAL_ACCENT_COLOR_NAME = AccentColor;
				CODE_SIGN_STYLE = Automatic;
				CURRENT_PROJECT_VERSION = 1;
				DEVELOPMENT_ASSET_PATHS = "\"Pokedex/Preview Content\"";
				DEVELOPMENT_TEAM = H9DTPYA8RY;
				ENABLE_PREVIEWS = YES;
				GENERATE_INFOPLIST_FILE = YES;
				INFOPLIST_KEY_UIApplicationSceneManifest_Generation = YES;
				INFOPLIST_KEY_UIApplicationSupportsIndirectInputEvents = YES;
				INFOPLIST_KEY_UILaunchScreen_Generation = YES;
				INFOPLIST_KEY_UISupportedInterfaceOrientations = UIInterfaceOrientationPortrait;
				IPHONEOS_DEPLOYMENT_TARGET = 15.6;
				LD_RUNPATH_SEARCH_PATHS = (
					"$(inherited)",
					"@executable_path/Frameworks",
				);
				MARKETING_VERSION = 1.0;
				PRODUCT_BUNDLE_IDENTIFIER = fr.thomasbernard03.Pokedex;
				PRODUCT_NAME = "$(TARGET_NAME)";
				SWIFT_EMIT_LOC_STRINGS = YES;
				SWIFT_VERSION = 5.0;
				TARGETED_DEVICE_FAMILY = "1,2";
			};
			name = Release;
		};
/* End XCBuildConfiguration section */

/* Begin XCConfigurationList section */
		81D696FD2A501CA500D545D8 /* Build configuration list for PBXProject "Pokedex" */ = {
			isa = XCConfigurationList;
			buildConfigurations = (
				81D6970E2A501CA700D545D8 /* Debug */,
				81D6970F2A501CA700D545D8 /* Release */,
			);
			defaultConfigurationIsVisible = 0;
			defaultConfigurationName = Release;
		};
		81D697102A501CA700D545D8 /* Build configuration list for PBXNativeTarget "Pokedex" */ = {
			isa = XCConfigurationList;
			buildConfigurations = (
				81D697112A501CA700D545D8 /* Debug */,
				81D697122A501CA700D545D8 /* Release */,
			);
			defaultConfigurationIsVisible = 0;
			defaultConfigurationName = Release;
		};
/* End XCConfigurationList section */
	};
	rootObject = 81D696FA2A501CA500D545D8 /* Project object */;
}
